
Microsoft Visual Studio Solution File, Format Version 12.00
# Visual Studio 2012
Project("{FAE04EC0-301F-11D3-BF4B-00C04F79EFBC}") = "Foddies", "Foddies\Foddies.csproj", "{C858A9E4-1DA6-4799-881B-194DA67021AB}"
EndProject
Global
	GlobalSection(SolutionConfigurationPlatforms) = preSolution
		Debug|Any CPU = Debug|Any CPU
		Release|Any CPU = Release|Any CPU
	EndGlobalSection
	GlobalSection(ProjectConfigurationPlatforms) = postSolution
		{C858A9E4-1DA6-4799-881B-194DA67021AB}.Debug|Any CPU.ActiveCfg = Debug|Any CPU
		{C858A9E4-1DA6-4799-881B-194DA67021AB}.Debug|Any CPU.Build.0 = Debug|Any CPU
		{C858A9E4-1DA6-4799-881B-194DA67021AB}.Release|Any CPU.ActiveCfg = Release|Any CPU
		{C858A9E4-1DA6-4799-881B-194DA67021AB}.Release|Any CPU.Build.0 = Release|Any CPU
	EndGlobalSection
	GlobalSection(SolutionProperties) = preSolution
		HideSolutionNode = FALSE
	EndGlobalSection
EndGlobal
